# This file is automatically @generated by Cargo.
# It is not intended for manual editing.
version = 4

[[package]]
name = "acmd-engine"
version = "0.1.0"
source = "git+https://github.com/hdr-development/smashline.git#b2d33fd0dba2b55f8048bd9d868686a44a6d03be"
dependencies = [
 "hash40",
 "locks",
 "serde",
 "serde_json",
 "skyline_smash",
 "thiserror",
]

[[package]]
name = "arcropolis-api"
version = "0.1.1"
source = "git+https://github.com/Raytwo/arcropolis_api#5d100d3eb48a4591839925f74f7cf2c781f09f15"
dependencies = [
 "arcropolis-api-macro",
 "crc32fast",
 "skyline 0.6.0 (registry+https://github.com/rust-lang/crates.io-index)",
]

[[package]]
name = "arcropolis-api-macro"
version = "0.1.0"
source = "git+https://github.com/Raytwo/arcropolis_api#5d100d3eb48a4591839925f74f7cf2c781f09f15"
dependencies = [
 "quote",
 "syn 1.0.109",
]

[[package]]
name = "array-init"
version = "2.1.0"
source = "registry+https://github.com/rust-lang/crates.io-index"
checksum = "3d62b7694a562cdf5a74227903507c56ab2cc8bdd1f781ed5cb4cf9c9f810bfc"

[[package]]
name = "bimap"
version = "0.6.3"
source = "registry+https://github.com/rust-lang/crates.io-index"
checksum = "230c5f1ca6a325a32553f8640d31ac9b49f2411e901e427570154868b46da4f7"

[[package]]
name = "binrw"
version = "0.11.3"
source = "registry+https://github.com/rust-lang/crates.io-index"
checksum = "003da50fae3878bd26cc710742decd3412b8cfb396bc9b306e5e710106d207fb"
dependencies = [
 "array-init",
 "binrw_derive",
 "bytemuck",
]

[[package]]
name = "binrw_derive"
version = "0.11.3"
source = "registry+https://github.com/rust-lang/crates.io-index"
checksum = "dfdce8fda72e8cc5038fb9e739e665d1f3072f7e3e24c573277b8fdce595ef72"
dependencies = [
 "either",
 "owo-colors",
 "proc-macro2",
 "quote",
 "syn 1.0.109",
]

[[package]]
name = "bytemuck"
version = "1.25.0"
source = "registry+https://github.com/rust-lang/crates.io-index"
checksum = "c8efb64bd706a16a1bdde310ae86b351e4d21550d98d056f22f8a7f7a2183fec"

[[package]]
name = "byteorder"
version = "1.5.0"
source = "registry+https://github.com/rust-lang/crates.io-index"
checksum = "1fd0f2584146f6f2ef48085050886acf353beff7305ebd1ae69500e27c67f64b"

[[package]]
name = "cfg-if"
version = "1.0.4"
source = "registry+https://github.com/rust-lang/crates.io-index"
checksum = "9330f8b2ff13f34540b44e946ef35111825727b38d33286ef986142615121801"

[[package]]
name = "compile-time-lua-bind-hash"
version = "1.1.1"
source = "registry+https://github.com/rust-lang/crates.io-index"
checksum = "660bcccd4aaa4836cb685952d9ea4fb2b57d2565f4fd0c492fce4d2c0a1be0c0"
dependencies = [
 "lua_bind_hash",
 "quote",
 "syn 1.0.109",
]

[[package]]
name = "crc32fast"
version = "1.5.0"
source = "registry+https://github.com/rust-lang/crates.io-index"
checksum = "9481c1c90cbf2ac953f07c8d4a58aa3945c425b7185c9154d67a65e4230da511"
dependencies = [
 "cfg-if",
]

[[package]]
name = "diff-struct"
version = "0.3.1"
source = "registry+https://github.com/rust-lang/crates.io-index"
checksum = "f30a0f0aafc8da0d598388b1897310646f45f47f17e31d581b4390f9dd88e826"
dependencies = [
 "diff_derive",
 "serde",
]

[[package]]
name = "diff_derive"
version = "0.1.2"
source = "registry+https://github.com/rust-lang/crates.io-index"
checksum = "56f9c37d395456d9c1785499421c6288931b6e3dbc2500acb95b8adaa0e69db3"
dependencies = [
 "proc-macro2",
 "quote",
 "syn 1.0.109",
]

[[package]]
name = "either"
version = "1.15.0"
source = "registry+https://github.com/rust-lang/crates.io-index"
checksum = "48c757948c5ede0e46177b7add2e67155f70e33c07fea8284df6576da70b3719"

[[package]]
name = "equivalent"
version = "1.0.2"
source = "registry+https://github.com/rust-lang/crates.io-index"
checksum = "877a4ace8713b0bcf2a4e7eec82529c029f1d0619886d18145fea96c3ffe5c0f"

[[package]]
name = "getrandom"
version = "0.2.17"
source = "registry+https://github.com/rust-lang/crates.io-index"
checksum = "ff2abc00be7fca6ebc474524697ae276ad847ad0a6b3faa4bcb027e9a4614ad0"
dependencies = [
 "cfg-if",
 "libc",
 "wasi",
]

[[package]]
name = "hash40"
version = "1.3.1"
source = "registry+https://github.com/rust-lang/crates.io-index"
checksum = "c76fa4f247c50db43ae8b86975fc923ab9170b2cb242ce90231e0caca81352b5"
dependencies = [
 "bimap",
 "binrw",
 "byteorder",
 "diff-struct",
 "lazy_static",
 "serde",
]

[[package]]
name = "hashbrown"
version = "0.16.1"
source = "registry+https://github.com/rust-lang/crates.io-index"
checksum = "841d1cc9bed7f9236f321df977030373f4a4163ae1a7dbfe1a51a2c1a51d9100"

[[package]]
name = "indexmap"
version = "2.13.0"
source = "registry+https://github.com/rust-lang/crates.io-index"
checksum = "7714e70437a7dc3ac8eb7e6f8df75fd8eb422675fc7678aff7364301092b1017"
dependencies = [
 "equivalent",
 "hashbrown",
]

[[package]]
name = "inputmodule"
version = "0.9.0"
dependencies = [
 "arcropolis-api",
 "lazy_static",
 "skyline 0.6.0 (git+https://github.com/ultimate-research/skyline-rs.git)",
 "skyline_smash",
 "smash_script",
 "smashline",
]

[[package]]
name = "itoa"
version = "1.0.17"
source = "registry+https://github.com/rust-lang/crates.io-index"
checksum = "92ecc6618181def0457392ccd0ee51198e065e016d1d527a7ac1b6dc7c1f09d2"

[[package]]
name = "lazy_static"
version = "1.5.0"
source = "registry+https://github.com/rust-lang/crates.io-index"
checksum = "bbd2bcb4c963f2ddae06a2efc7e9f3591312473c50c6685e1f298068316e66fe"

[[package]]
name = "libc"
version = "0.2.182"
source = "registry+https://github.com/rust-lang/crates.io-index"
checksum = "6800badb6cb2082ffd7b6a67e6125bb39f18782f793520caee8cb8846be06112"

[[package]]
name = "libc-nnsdk"
version = "0.2.0"
source = "registry+https://github.com/rust-lang/crates.io-index"
checksum = "6823e4bff6dee10a75dfee95afe1c5a7f93a1b99a20013663e0cb04b3a64f867"

[[package]]
name = "libc-nnsdk"
version = "0.5.0"
source = "registry+https://github.com/rust-lang/crates.io-index"
checksum = "1256a11d163c7288d94909f8120ede53294d8c233df314b0e4f01cf0269707da"

[[package]]
name = "locks"
version = "1.6.5"
source = "git+https://github.com/hdr-development/smashline.git#b2d33fd0dba2b55f8048bd9d868686a44a6d03be"
dependencies = [
 "skyline 0.6.0 (git+https://github.com/ultimate-research/skyline-rs.git)",
]

[[package]]
name = "lua_bind_hash"
version = "1.0.1"
source = "registry+https://github.com/rust-lang/crates.io-index"
checksum = "ee9675fd198b39d86a7d5d20c59ae9639a3b4157f28ebd6cc09b9f1397ab118a"

[[package]]
name = "memchr"
version = "2.8.0"
source = "registry+https://github.com/rust-lang/crates.io-index"
checksum = "f8ca58f447f06ed17d5fc4043ce1b10dd205e060fb3ce5b979b8ed8e59ff3f79"

[[package]]
name = "nnsdk"
version = "0.6.1"
source = "registry+https://github.com/rust-lang/crates.io-index"
checksum = "27692267bad39aba64dd4549de1ec63a22e41b6dd6b5ec99c7bf6dba175a14bd"
dependencies = [
 "libc-nnsdk 0.5.0",
]

[[package]]
name = "nnsdk"
version = "0.6.1"
source = "git+https://github.com/ultimate-research/nnsdk-rs#ca3f1e3fa3fb16209f8407795772ea7245440c38"
dependencies = [
 "libc-nnsdk 0.5.0",
]

[[package]]
name = "once_cell"
version = "1.21.3"
source = "registry+https://github.com/rust-lang/crates.io-index"
checksum = "42f5e15c9953c5e4ccceeb2e7382a716482c34515315f7b03532b8b4e8393d2d"

[[package]]
name = "owo-colors"
version = "3.5.0"
source = "registry+https://github.com/rust-lang/crates.io-index"
checksum = "c1b04fb49957986fdce4d6ee7a65027d55d4b6d2265e5848bbb507b58ccfdb6f"

[[package]]
name = "paste"
version = "1.0.15"
source = "registry+https://github.com/rust-lang/crates.io-index"
checksum = "57c0d7b74b563b49d38dae00a0c37d4d6de9b432382b2892f0574ddcae73fd0a"

[[package]]
name = "proc-macro-crate"
version = "1.3.1"
source = "registry+https://github.com/rust-lang/crates.io-index"
checksum = "7f4c021e1093a56626774e81216a4ce732a735e5bad4868a03f3ed65ca0c3919"
dependencies = [
 "once_cell",
 "toml_edit",
]

[[package]]
name = "proc-macro-error"
version = "1.0.4"
source = "registry+https://github.com/rust-lang/crates.io-index"
checksum = "da25490ff9892aab3fcf7c36f08cfb902dd3e71ca0f9f9517bea02a73a5ce38c"
dependencies = [
 "proc-macro-error-attr",
 "proc-macro2",
 "quote",
 "syn 1.0.109",
 "version_check",
]

[[package]]
name = "proc-macro-error-attr"
version = "1.0.4"
source = "registry+https://github.com/rust-lang/crates.io-index"
checksum = "a1be40180e52ecc98ad80b184934baf3d0d29f979574e439af5a55274b35f869"
dependencies = [
 "proc-macro2",
 "quote",
 "version_check",
]

[[package]]
name = "proc-macro2"
version = "1.0.106"
source = "registry+https://github.com/rust-lang/crates.io-index"
checksum = "8fd00f0bb2e90d81d1044c2b32617f68fcb9fa3bb7640c23e9c748e53fb30934"
dependencies = [
 "unicode-ident",
]

[[package]]
name = "quote"
version = "1.0.45"
source = "registry+https://github.com/rust-lang/crates.io-index"
checksum = "41f2619966050689382d2b44f664f4bc593e129785a36d6ee376ddf37259b924"
dependencies = [
 "proc-macro2",
]

[[package]]
name = "serde"
version = "1.0.228"
source = "registry+https://github.com/rust-lang/crates.io-index"
checksum = "9a8e94ea7f378bd32cbbd37198a4a91436180c5bb472411e48b5ec2e2124ae9e"
dependencies = [
 "serde_core",
 "serde_derive",
]

[[package]]
name = "serde_core"
version = "1.0.228"
source = "registry+https://github.com/rust-lang/crates.io-index"
checksum = "41d385c7d4ca58e59fc732af25c3983b67ac852c1a25000afe1175de458b67ad"
dependencies = [
 "serde_derive",
]

[[package]]
name = "serde_derive"
version = "1.0.228"
source = "registry+https://github.com/rust-lang/crates.io-index"
checksum = "d540f220d3187173da220f885ab66608367b6574e925011a9353e4badda91d79"
dependencies = [
 "proc-macro2",
 "quote",
 "syn 2.0.117",
]

[[package]]
name = "serde_json"
version = "1.0.149"
source = "registry+https://github.com/rust-lang/crates.io-index"
checksum = "83fc039473c5595ace860d8c4fafa220ff474b3fc6bfdb4293327f1a37e94d86"
dependencies = [
 "itoa",
 "memchr",
 "serde",
 "serde_core",
 "zmij",
]

[[package]]
name = "skyline"
version = "0.6.0"
source = "registry+https://github.com/rust-lang/crates.io-index"
checksum = "7b4c2c28cda0d198befe59479c593537fc306cabb61d32a9428fcd2725df35c6"
dependencies = [
 "libc-nnsdk 0.5.0",
 "nnsdk 0.6.1 (registry+https://github.com/rust-lang/crates.io-index)",
 "skyline_macro 0.2.1 (registry+https://github.com/rust-lang/crates.io-index)",
]

[[package]]
name = "skyline"
version = "0.6.0"
source = "git+https://github.com/ultimate-research/skyline-rs.git#6b52d321275639f26c2371d8142550ba0013a5e4"
dependencies = [
 "libc-nnsdk 0.5.0",
 "nnsdk 0.6.1 (registry+https://github.com/rust-lang/crates.io-index)",
 "skyline_macro 0.2.1 (git+https://github.com/ultimate-research/skyline-rs.git)",
]

[[package]]
name = "skyline_macro"
version = "0.2.1"
source = "registry+https://github.com/rust-lang/crates.io-index"
checksum = "9c6ce616cf990bbff33e6dfdf47bfc0add2e5fca5ba3dbefda64c92bd9fc8068"
dependencies = [
 "lazy_static",
 "proc-macro2",
 "quote",
 "syn 1.0.109",
]

[[package]]
name = "skyline_macro"
version = "0.2.1"
source = "git+https://github.com/ultimate-research/skyline-rs.git#6b52d321275639f26c2371d8142550ba0013a5e4"
dependencies = [
 "lazy_static",
 "proc-macro2",
 "quote",
 "syn 1.0.109",
]

[[package]]
name = "skyline_smash"
version = "0.1.0"
source = "git+https://github.com/blu-dev/skyline-smash.git#6e9aab5ca6b0a2ca85234c5b35e0477a2afec9c7"
dependencies = [
 "compile-time-lua-bind-hash",
 "lazy_static",
 "libc-nnsdk 0.2.0",
 "nnsdk 0.6.1 (git+https://github.com/ultimate-research/nnsdk-rs)",
 "paste",
 "skyline 0.6.0 (git+https://github.com/ultimate-research/skyline-rs.git)",
]

[[package]]
name = "smash_script"
version = "0.1.0"
source = "git+https://github.com/blu-dev/smash-script.git?branch=development#65a2407ef171a70fe0325b66f3620929e0da2d59"
dependencies = [
 "skyline 0.6.0 (git+https://github.com/ultimate-research/skyline-rs.git)",
 "skyline_smash",
]

[[package]]
name = "smashline"
version = "0.1.0"
source = "git+https://github.com/hdr-development/smashline.git#b2d33fd0dba2b55f8048bd9d868686a44a6d03be"
dependencies = [
 "acmd-engine",
 "locks",
 "skyline 0.6.0 (git+https://github.com/ultimate-research/skyline-rs.git)",
 "skyline_smash",
 "smashline-macro",
]

[[package]]
name = "smashline-macro"
version = "0.1.0"
source = "git+https://github.com/hdr-development/smashline.git#b2d33fd0dba2b55f8048bd9d868686a44a6d03be"
dependencies = [
 "proc-macro-crate",
 "proc-macro-error",
 "proc-macro2",
 "quote",
 "syn 1.0.109",
 "uuid",
]

[[package]]
name = "syn"
version = "1.0.109"
source = "registry+https://github.com/rust-lang/crates.io-index"
checksum = "72b64191b275b66ffe2469e8af2c1cfe3bafa67b529ead792a6d0160888b4237"
dependencies = [
 "proc-macro2",
 "quote",
 "unicode-ident",
]

[[package]]
name = "syn"
version = "2.0.117"
source = "registry+https://github.com/rust-lang/crates.io-index"
checksum = "e665b8803e7b1d2a727f4023456bbbbe74da67099c585258af0ad9c5013b9b99"
dependencies = [
 "proc-macro2",
 "quote",
 "unicode-ident",
]

[[package]]
name = "thiserror"
version = "1.0.69"
source = "registry+https://github.com/rust-lang/crates.io-index"
checksum = "b6aaf5339b578ea85b50e080feb250a3e8ae8cfcdff9a461c9ec2904bc923f52"
dependencies = [
 "thiserror-impl",
]

[[package]]
name = "thiserror-impl"
version = "1.0.69"
source = "registry+https://github.com/rust-lang/crates.io-index"
checksum = "4fee6c4efc90059e10f81e6d42c60a18f76588c3d74cb83a0b242a2b6c7504c1"
dependencies = [
 "proc-macro2",
 "quote",
 "syn 2.0.117",
]

[[package]]
name = "toml_datetime"
version = "0.6.11"
source = "registry+https://github.com/rust-lang/crates.io-index"
checksum = "22cddaf88f4fbc13c51aebbf5f8eceb5c7c5a9da2ac40a13519eb5b0a0e8f11c"

[[package]]
name = "toml_edit"
version = "0.19.15"
source = "registry+https://github.com/rust-lang/crates.io-index"
checksum = "1b5bb770da30e5cbfde35a2d7b9b8a2c4b8ef89548a7a6aeab5c9a576e3e7421"
dependencies = [
 "indexmap",
 "toml_datetime",
 "winnow",
]

[[package]]
name = "unicode-ident"
version = "1.0.24"
source = "registry+https://github.com/rust-lang/crates.io-index"
checksum = "e6e4313cd5fcd3dad5cafa179702e2b244f760991f45397d14d4ebf38247da75"

[[package]]
name = "uuid"
version = "1.2.0"
source = "registry+https://github.com/rust-lang/crates.io-index"
checksum = "683f0a095f6dcf74520a5f17a12452ae6f970abbd2443299a1e226fd38195f2b"
dependencies = [
 "getrandom",
]

[[package]]
name = "version_check"
version = "0.9.5"
source = "registry+https://github.com/rust-lang/crates.io-index"
checksum = "0b928f33d975fc6ad9f86c8f283853ad26bdd5b10b7f1542aa2fa15e2289105a"

[[package]]
name = "wasi"
version = "0.11.1+wasi-snapshot-preview1"
source = "registry+https://github.com/rust-lang/crates.io-index"
checksum = "ccf3ec651a847eb01de73ccad15eb7d99f80485de043efb2f370cd654f4ea44b"

[[package]]
name = "winnow"
version = "0.5.40"
source = "registry+https://github.com/rust-lang/crates.io-index"
checksum = "f593a95398737aeed53e489c785df13f3618e41dbcd6718c6addbf1395aa6876"
dependencies = [
 "memchr",
]

[[package]]
name = "zmij"
version = "1.0.21"
source = "registry+https://github.com/rust-lang/crates.io-index"
checksum = "b8848ee67ecc8aedbaf3e4122217aff892639231befc6a1b58d29fff4c2cabaa"
